// !$*UTF8*$!
{
	archiveVersion = 1;
	classes = {
	};
	objectVersion = 56;
	objects = {

/* Begin PBXBuildFile section */
		5B461FE32DB3268300C467DF /* GoogleService-Info.plist in Resources */ = {isa = PBXBuildFile; fileRef = 5B461FE22DB3268300C467DF /* GoogleService-Info.plist */; };
		5B461FE42DB3268300C467DF /* GoogleService-Info.plist in Resources */ = {isa = PBXBuildFile; fileRef = 5B461FE22DB3268300C467DF /* GoogleService-Info.plist */; };
		5B461FE52DB3268300C467DF /* GoogleService-Info.plist in Resources */ = {isa = PBXBuildFile; fileRef = 5B461FE22DB3268300C467DF /* GoogleService-Info.plist */; };
		5B461FE62DB3268300C467DF /* GoogleService-Info.plist in Resources */ = {isa = PBXBuildFile; fileRef = 5B461FE22DB3268300C467DF /* GoogleService-Info.plist */; };
		5B461FE92DB3291B00C467DF /* FirebaseCore in Frameworks */ = {isa = PBXBuildFile; productRef = 5B461FE82DB3291B00C467DF /* FirebaseCore */; };
		5B7F35092DB3180C007CDB62 /* FirebaseSender.swift in Sources */ = {isa = PBXBuildFile; fileRef = 5B7F35082DB31804007CDB62 /* FirebaseSender.swift */; };
		5BDDA9112DA4DC77008A3DB8 /* Biobeat Watch App.app in Embed Watch Content */ = {isa = PBXBuildFile; fileRef = 5BDDA9102DA4DC77008A3DB8 /* Biobeat Watch App.app */; settings = {ATTRIBUTES = (RemoveHeadersOnCopy, ); }; };
		5BDDA9162DA4DC77008A3DB8 /* BiobeatApp.swift in Sources */ = {isa = PBXBuildFile; fileRef = 5BDDA9152DA4DC77008A3DB8 /* BiobeatApp.swift */; };
		5BDDA91A2DA4DC78008A3DB8 /* Assets.xcassets in Resources */ = {isa = PBXBuildFile; fileRef = 5BDDA9192DA4DC78008A3DB8 /* Assets.xcassets */; };
		5BDDA91D2DA4DC78008A3DB8 /* Preview Assets.xcassets in Resources */ = {isa = PBXBuildFile; fileRef = 5BDDA91C2DA4DC78008A3DB8 /* Preview Assets.xcassets */; };
		5BDDA9272DA4DC78008A3DB8 /* Biobeat_Watch_AppTests.swift in Sources */ = {isa = PBXBuildFile; fileRef = 5BDDA9262DA4DC78008A3DB8 /* Biobeat_Watch_AppTests.swift */; };
		5BDDA9312DA4DC78008A3DB8 /* Biobeat_Watch_AppUITests.swift in Sources */ = {isa = PBXBuildFile; fileRef = 5BDDA9302DA4DC78008A3DB8 /* Biobeat_Watch_AppUITests.swift */; };
		5BDDA9332DA4DC78008A3DB8 /* Biobeat_Watch_AppUITestsLaunchTests.swift in Sources */ = {isa = PBXBuildFile; fileRef = 5BDDA9322DA4DC78008A3DB8 /* Biobeat_Watch_AppUITestsLaunchTests.swift */; };
		5BDDA9452DA5974A008A3DB8 /* BioControlled.swift in Sources */ = {isa = PBXBuildFile; fileRef = 5BDDA9442DA5974A008A3DB8 /* BioControlled.swift */; };
		5BDDA9472DA59771008A3DB8 /* UserControlled.swift in Sources */ = {isa = PBXBuildFile; fileRef = 5BDDA9462DA59771008A3DB8 /* UserControlled.swift */; };
		5BDDA9492DA5A111008A3DB8 /* MainMenuView.swift in Sources */ = {isa = PBXBuildFile; fileRef = 5BDDA9482DA5A111008A3DB8 /* MainMenuView.swift */; };
		5BDDA94B2DA5A8DE008A3DB8 /* WebSocketManager.swift in Sources */ = {isa = PBXBuildFile; fileRef = 5BDDA94A2DA5A8DE008A3DB8 /* WebSocketManager.swift */; };
/* End PBXBuildFile section */

/* Begin PBXContainerItemProxy section */
		5BDDA9122DA4DC77008A3DB8 /* PBXContainerItemProxy */ = {
			isa = PBXContainerItemProxy;
			containerPortal = 5BDDA9042DA4DC77008A3DB8 /* Project object */;
			proxyType = 1;
			remoteGlobalIDString = 5BDDA90F2DA4DC77008A3DB8;
			remoteInfo = "Biobeat Watch App";
		};
		5BDDA9232DA4DC78008A3DB8 /* PBXContainerItemProxy */ = {
			isa = PBXContainerItemProxy;
			containerPortal = 5BDDA9042DA4DC77008A3DB8 /* Project object */;
			proxyType = 1;
			remoteGlobalIDString = 5BDDA90F2DA4DC77008A3DB8;
			remoteInfo = "Biobeat Watch App";
		};
		5BDDA92D2DA4DC78008A3DB8 /* PBXContainerItemProxy */ = {
			isa = PBXContainerItemProxy;
			containerPortal = 5BDDA9042DA4DC77008A3DB8 /* Project object */;
			proxyType = 1;
			remoteGlobalIDString = 5BDDA90F2DA4DC77008A3DB8;
			remoteInfo = "Biobeat Watch App";
		};
/* End PBXContainerItemProxy section */

/* Begin PBXCopyFilesBuildPhase section */
		5BDDA9392DA4DC78008A3DB8 /* Embed Watch Content */ = {
			isa = PBXCopyFilesBuildPhase;
			buildActionMask = 2147483647;
			dstPath = "$(CONTENTS_FOLDER_PATH)/Watch";
			dstSubfolderSpec = 16;
			files = (
				5BDDA9112DA4DC77008A3DB8 /* Biobeat Watch App.app in Embed Watch Content */,
			);
			name = "Embed Watch Content";
			runOnlyForDeploymentPostprocessing = 0;
		};
/* End PBXCopyFilesBuildPhase section */

/* Begin PBXFileReference section */
		5B461FE22DB3268300C467DF /* GoogleService-Info.plist */ = {isa = PBXFileReference; lastKnownFileType = text.plist.xml; path = "GoogleService-Info.plist"; sourceTree = "<group>"; };
		5B7F34FA2DB026D5007CDB62 /* Biobeat-Watch-App-Info.plist */ = {isa = PBXFileReference; lastKnownFileType = text.plist; path = "Biobeat-Watch-App-Info.plist"; sourceTree = SOURCE_ROOT; };
		5B7F35082DB31804007CDB62 /* FirebaseSender.swift */ = {isa = PBXFileReference; lastKnownFileType = sourcecode.swift; path = FirebaseSender.swift; sourceTree = "<group>"; };
		5BDDA90A2DA4DC77008A3DB8 /* Biobeat.app */ = {isa = PBXFileReference; explicitFileType = wrapper.application; includeInIndex = 0; path = Biobeat.app; sourceTree = BUILT_PRODUCTS_DIR; };
		5BDDA9102DA4DC77008A3DB8 /* Biobeat Watch App.app */ = {isa = PBXFileReference; explicitFileType = wrapper.application; includeInIndex = 0; path = "Biobeat Watch App.app"; sourceTree = BUILT_PRODUCTS_DIR; };
		5BDDA9152DA4DC77008A3DB8 /* BiobeatApp.swift */ = {isa = PBXFileReference; lastKnownFileType = sourcecode.swift; path = BiobeatApp.swift; sourceTree = "<group>"; };
		5BDDA9192DA4DC78008A3DB8 /* Assets.xcassets */ = {isa = PBXFileReference; lastKnownFileType = folder.assetcatalog; path = Assets.xcassets; sourceTree = "<group>"; };
		5BDDA91C2DA4DC78008A3DB8 /* Preview Assets.xcassets */ = {isa = PBXFileReference; lastKnownFileType = folder.assetcatalog; path = "Preview Assets.xcassets"; sourceTree = "<group>"; };
		5BDDA9222DA4DC78008A3DB8 /* Biobeat Watch AppTests.xctest */ = {isa = PBXFileReference; explicitFileType = wrapper.cfbundle; includeInIndex = 0; path = "Biobeat Watch AppTests.xctest"; sourceTree = BUILT_PRODUCTS_DIR; };
		5BDDA9262DA4DC78008A3DB8 /* Biobeat_Watch_AppTests.swift */ = {isa = PBXFileReference; lastKnownFileType = sourcecode.swift; path = Biobeat_Watch_AppTests.swift; sourceTree = "<group>"; };
		5BDDA92C2DA4DC78008A3DB8 /* Biobeat Watch AppUITests.xctest */ = {isa = PBXFileReference; explicitFileType = wrapper.cfbundle; includeInIndex = 0; path = "Biobeat Watch AppUITests.xctest"; sourceTree = BUILT_PRODUCTS_DIR; };
		5BDDA9302DA4DC78008A3DB8 /* Biobeat_Watch_AppUITests.swift */ = {isa = PBXFileReference; lastKnownFileType = sourcecode.swift; path = Biobeat_Watch_AppUITests.swift; sourceTree = "<group>"; };
		5BDDA9322DA4DC78008A3DB8 /* Biobeat_Watch_AppUITestsLaunchTests.swift */ = {isa = PBXFileReference; lastKnownFileType = sourcecode.swift; path = Biobeat_Watch_AppUITestsLaunchTests.swift; sourceTree = "<group>"; };
		5BDDA9432DA59395008A3DB8 /* Biobeat Watch App.entitlements */ = {isa = PBXFileReference; lastKnownFileType = text.plist.entitlements; path = "Biobeat Watch App.entitlements"; sourceTree = "<group>"; };
		5BDDA9442DA5974A008A3DB8 /* BioControlled.swift */ = {isa = PBXFileReference; lastKnownFileType = sourcecode.swift; path = BioControlled.swift; sourceTree = "<group>"; };
		5BDDA9462DA59771008A3DB8 /* UserControlled.swift */ = {isa = PBXFileReference; lastKnownFileType = sourcecode.swift; path = UserControlled.swift; sourceTree = "<group>"; };
		5BDDA9482DA5A111008A3DB8 /* MainMenuView.swift */ = {isa = PBXFileReference; lastKnownFileType = sourcecode.swift; path = MainMenuView.swift; sourceTree = "<group>"; };
		5BDDA94A2DA5A8DE008A3DB8 /* WebSocketManager.swift */ = {isa = PBXFileReference; lastKnownFileType = sourcecode.swift; path = WebSocketManager.swift; sourceTree = "<group>"; };
/* End PBXFileReference section */

/* Begin PBXFrameworksBuildPhase section */
		5BDDA90D2DA4DC77008A3DB8 /* Frameworks */ = {
			isa = PBXFrameworksBuildPhase;
			buildActionMask = 2147483647;
			files = (
				5B461FE92DB3291B00C467DF /* FirebaseCore in Frameworks */,
			);
			runOnlyForDeploymentPostprocessing = 0;
		};
		5BDDA91F2DA4DC78008A3DB8 /* Frameworks */ = {
			isa = PBXFrameworksBuildPhase;
			buildActionMask = 2147483647;
			files = (
			);
			runOnlyForDeploymentPostprocessing = 0;
		};
		5BDDA9292DA4DC78008A3DB8 /* Frameworks */ = {
			isa = PBXFrameworksBuildPhase;
			buildActionMask = 2147483647;
			files = (
			);
			runOnlyForDeploymentPostprocessing = 0;
		};
/* End PBXFrameworksBuildPhase section */

/* Begin PBXGroup section */
		5B7F35012DB2F517007CDB62 /* Frameworks */ = {
			isa = PBXGroup;
			children = (
			);
			name = Frameworks;
			sourceTree = "<group>";
		};
		5BDDA9032DA4DC77008A3DB8 = {
			isa = PBXGroup;
			children = (
				5BDDA9142DA4DC77008A3DB8 /* Biobeat Watch App */,
				5BDDA9252DA4DC78008A3DB8 /* Biobeat Watch AppTests */,
				5BDDA92F2DA4DC78008A3DB8 /* Biobeat Watch AppUITests */,
				5B7F35012DB2F517007CDB62 /* Frameworks */,
				5BDDA90B2DA4DC77008A3DB8 /* Products */,
			);
			sourceTree = "<group>";
		};
		5BDDA90B2DA4DC77008A3DB8 /* Products */ = {
			isa = PBXGroup;
			children = (
				5BDDA90A2DA4DC77008A3DB8 /* Biobeat.app */,
				5BDDA9102DA4DC77008A3DB8 /* Biobeat Watch App.app */,
				5BDDA9222DA4DC78008A3DB8 /* Biobeat Watch AppTests.xctest */,
				5BDDA92C2DA4DC78008A3DB8 /* Biobeat Watch AppUITests.xctest */,
			);
			name = Products;
			sourceTree = "<group>";
		};
		5BDDA9142DA4DC77008A3DB8 /* Biobeat Watch App */ = {
			isa = PBXGroup;
			children = (
				5B461FE22DB3268300C467DF /* GoogleService-Info.plist */,
				5B7F35082DB31804007CDB62 /* FirebaseSender.swift */,
				5B7F34FA2DB026D5007CDB62 /* Biobeat-Watch-App-Info.plist */,
				5BDDA9432DA59395008A3DB8 /* Biobeat Watch App.entitlements */,
				5BDDA9152DA4DC77008A3DB8 /* BiobeatApp.swift */,
				5BDDA9482DA5A111008A3DB8 /* MainMenuView.swift */,
				5BDDA9442DA5974A008A3DB8 /* BioControlled.swift */,
				5BDDA9462DA59771008A3DB8 /* UserControlled.swift */,
				5BDDA94A2DA5A8DE008A3DB8 /* WebSocketManager.swift */,
				5BDDA9192DA4DC78008A3DB8 /* Assets.xcassets */,
				5BDDA91B2DA4DC78008A3DB8 /* Preview Content */,
			);
			path = "Biobeat Watch App";
			sourceTree = "<group>";
		};
		5BDDA91B2DA4DC78008A3DB8 /* Preview Content */ = {
			isa = PBXGroup;
			children = (
				5BDDA91C2DA4DC78008A3DB8 /* Preview Assets.xcassets */,
			);
			path = "Preview Content";
			sourceTree = "<group>";
		};
		5BDDA9252DA4DC78008A3DB8 /* Biobeat Watch AppTests */ = {
			isa = PBXGroup;
			children = (
				5BDDA9262DA4DC78008A3DB8 /* Biobeat_Watch_AppTests.swift */,
			);
			path = "Biobeat Watch AppTests";
			sourceTree = "<group>";
		};
		5BDDA92F2DA4DC78008A3DB8 /* Biobeat Watch AppUITests */ = {
			isa = PBXGroup;
			children = (
				5BDDA9302DA4DC78008A3DB8 /* Biobeat_Watch_AppUITests.swift */,
				5BDDA9322DA4DC78008A3DB8 /* Biobeat_Watch_AppUITestsLaunchTests.swift */,
			);
			path = "Biobeat Watch AppUITests";
			sourceTree = "<group>";
		};
/* End PBXGroup section */

/* Begin PBXNativeTarget section */
		5BDDA9092DA4DC77008A3DB8 /* Biobeat */ = {
			isa = PBXNativeTarget;
			buildConfigurationList = 5BDDA93A2DA4DC78008A3DB8 /* Build configuration list for PBXNativeTarget "Biobeat" */;
			buildPhases = (
				5BDDA9082DA4DC77008A3DB8 /* Resources */,
				5BDDA9392DA4DC78008A3DB8 /* Embed Watch Content */,
			);
			buildRules = (
			);
			dependencies = (
				5BDDA9132DA4DC77008A3DB8 /* PBXTargetDependency */,
			);
			name = Biobeat;
			productName = Biobeat;
			productReference = 5BDDA90A2DA4DC77008A3DB8 /* Biobeat.app */;
			productType = "com.apple.product-type.application.watchapp2-container";
		};
		5BDDA90F2DA4DC77008A3DB8 /* Biobeat Watch App */ = {
			isa = PBXNativeTarget;
			buildConfigurationList = 5BDDA9362DA4DC78008A3DB8 /* Build configuration list for PBXNativeTarget "Biobeat Watch App" */;
			buildPhases = (
				5BDDA90C2DA4DC77008A3DB8 /* Sources */,
				5BDDA90D2DA4DC77008A3DB8 /* Frameworks */,
				5BDDA90E2DA4DC77008A3DB8 /* Resources */,
			);
			buildRules = (
			);
			dependencies = (
			);
			name = "Biobeat Watch App";
			productName = "Biobeat Watch App";
			productReference = 5BDDA9102DA4DC77008A3DB8 /* Biobeat Watch App.app */;
			productType = "com.apple.product-type.application";
		};
		5BDDA9212DA4DC78008A3DB8 /* Biobeat Watch AppTests */ = {
			isa = PBXNativeTarget;
			buildConfigurationList = 5BDDA93D2DA4DC78008A3DB8 /* Build configuration list for PBXNativeTarget "Biobeat Watch AppTests" */;
			buildPhases = (
				5BDDA91E2DA4DC78008A3DB8 /* Sources */,
				5BDDA91F2DA4DC78008A3DB8 /* Frameworks */,
				5BDDA9202DA4DC78008A3DB8 /* Resources */,
			);
			buildRules = (
			);
			dependencies = (
				5BDDA9242DA4DC78008A3DB8 /* PBXTargetDependency */,
			);
			name = "Biobeat Watch AppTests";
			productName = "Biobeat Watch AppTests";
			productReference = 5BDDA9222DA4DC78008A3DB8 /* Biobeat Watch AppTests.xctest */;
			productType = "com.apple.product-type.bundle.unit-test";
		};
		5BDDA92B2DA4DC78008A3DB8 /* Biobeat Watch AppUITests */ = {
			isa = PBXNativeTarget;
			buildConfigurationList = 5BDDA9402DA4DC78008A3DB8 /* Build configuration list for PBXNativeTarget "Biobeat Watch AppUITests" */;
			buildPhases = (
				5BDDA9282DA4DC78008A3DB8 /* Sources */,
				5BDDA9292DA4DC78008A3DB8 /* Frameworks */,
				5BDDA92A2DA4DC78008A3DB8 /* Resources */,
			);
			buildRules = (
			);
			dependencies = (
				5BDDA92E2DA4DC78008A3DB8 /* PBXTargetDependency */,
			);
			name = "Biobeat Watch AppUITests";
			productName = "Biobeat Watch AppUITests";
			productReference = 5BDDA92C2DA4DC78008A3DB8 /* Biobeat Watch AppUITests.xctest */;
			productType = "com.apple.product-type.bundle.ui-testing";
		};
/* End PBXNativeTarget section */

/* Begin PBXProject section */
		5BDDA9042DA4DC77008A3DB8 /* Project object */ = {
			isa = PBXProject;
			attributes = {
				BuildIndependentTargetsInParallel = 1;
				LastSwiftUpdateCheck = 1540;
				LastUpgradeCheck = 1540;
				TargetAttributes = {
					5BDDA9092DA4DC77008A3DB8 = {
						CreatedOnToolsVersion = 15.4;
					};
					5BDDA90F2DA4DC77008A3DB8 = {
						CreatedOnToolsVersion = 15.4;
					};
					5BDDA9212DA4DC78008A3DB8 = {
						CreatedOnToolsVersion = 15.4;
						TestTargetID = 5BDDA90F2DA4DC77008A3DB8;
					};
					5BDDA92B2DA4DC78008A3DB8 = {
						CreatedOnToolsVersion = 15.4;
						TestTargetID = 5BDDA90F2DA4DC77008A3DB8;
					};
				};
			};
			buildConfigurationList = 5BDDA9072DA4DC77008A3DB8 /* Build configuration list for PBXProject "Biobeat" */;
			compatibilityVersion = "Xcode 14.0";
			developmentRegion = en;
			hasScannedForEncodings = 0;
			knownRegions = (
				en,
				Base,
			);
			mainGroup = 5BDDA9032DA4DC77008A3DB8;
			packageReferences = (
				5B461FE72DB3287200C467DF /* XCRemoteSwiftPackageReference "firebase-ios-sdk" */,
			);
			productRefGroup = 5BDDA90B2DA4DC77008A3DB8 /* Products */;
			projectDirPath = "";
			projectRoot = "";
			targets = (
				5BDDA9092DA4DC77008A3DB8 /* Biobeat */,
				5BDDA90F2DA4DC77008A3DB8 /* Biobeat Watch App */,
				5BDDA9212DA4DC78008A3DB8 /* Biobeat Watch AppTests */,
				5BDDA92B2DA4DC78008A3DB8 /* Biobeat Watch AppUITests */,
			);
		};
/* End PBXProject section */

/* Begin PBXResourcesBuildPhase section */
		5BDDA9082DA4DC77008A3DB8 /* Resources */ = {
			isa = PBXResourcesBuildPhase;
			buildActionMask = 2147483647;
			files = (
				5B461FE52DB3268300C467DF /* GoogleService-Info.plist in Resources */,
			);
			runOnlyForDeploymentPostprocessing = 0;
		};
		5BDDA90E2DA4DC77008A3DB8 /* Resources */ = {
			isa = PBXResourcesBuildPhase;
			buildActionMask = 2147483647;
			files = (
				5BDDA91D2DA4DC78008A3DB8 /* Preview Assets.xcassets in Resources */,
				5BDDA91A2DA4DC78008A3DB8 /* Assets.xcassets in Resources */,
				5B461FE42DB3268300C467DF /* GoogleService-Info.plist in Resources */,
			);
			runOnlyForDeploymentPostprocessing = 0;
		};
		5BDDA9202DA4DC78008A3DB8 /* Resources */ = {
			isa = PBXResourcesBuildPhase;
			buildActionMask = 2147483647;
			files = (
				5B461FE32DB3268300C467DF /* GoogleService-Info.plist in Resources */,
			);
			runOnlyForDeploymentPostprocessing = 0;
		};
		5BDDA92A2DA4DC78008A3DB8 /* Resources */ = {
			isa = PBXResourcesBuildPhase;
			buildActionMask = 2147483647;
			files = (
				5B461FE62DB3268300C467DF /* GoogleService-Info.plist in Resources */,
			);
			runOnlyForDeploymentPostprocessing = 0;
		};
/* End PBXResourcesBuildPhase section */

/* Begin PBXSourcesBuildPhase section */
		5BDDA90C2DA4DC77008A3DB8 /* Sources */ = {
			isa = PBXSourcesBuildPhase;
			buildActionMask = 2147483647;
			files = (
				5BDDA9492DA5A111008A3DB8 /* MainMenuView.swift in Sources */,
				5BDDA94B2DA5A8DE008A3DB8 /* WebSocketManager.swift in Sources */,
				5BDDA9472DA59771008A3DB8 /* UserControlled.swift in Sources */,
				5BDDA9452DA5974A008A3DB8 /* BioControlled.swift in Sources */,
				5BDDA9162DA4DC77008A3DB8 /* BiobeatApp.swift in Sources */,
				5B7F35092DB3180C007CDB62 /* FirebaseSender.swift in Sources */,
			);
			runOnlyForDeploymentPostprocessing = 0;
		};
		5BDDA91E2DA4DC78008A3DB8 /* Sources */ = {
			isa = PBXSourcesBuildPhase;
			buildActionMask = 2147483647;
			files = (
				5BDDA9272DA4DC78008A3DB8 /* Biobeat_Watch_AppTests.swift in Sources */,
			);
			runOnlyForDeploymentPostprocessing = 0;
		};
		5BDDA9282DA4DC78008A3DB8 /* Sources */ = {
			isa = PBXSourcesBuildPhase;
			buildActionMask = 2147483647;
			files = (
				5BDDA9312DA4DC78008A3DB8 /* Biobeat_Watch_AppUITests.swift in Sources */,
				5BDDA9332DA4DC78008A3DB8 /* Biobeat_Watch_AppUITestsLaunchTests.swift in Sources */,
			);
			runOnlyForDeploymentPostprocessing = 0;
		};
/* End PBXSourcesBuildPhase section */

/* Begin PBXTargetDependency section */
		5BDDA9132DA4DC77008A3DB8 /* PBXTargetDependency */ = {
			isa = PBXTargetDependency;
			target = 5BDDA90F2DA4DC77008A3DB8 /* Biobeat Watch App */;
			targetProxy = 5BDDA9122DA4DC77008A3DB8 /* PBXContainerItemProxy */;
		};
		5BDDA9242DA4DC78008A3DB8 /* PBXTargetDependency */ = {
			isa = PBXTargetDependency;
			target = 5BDDA90F2DA4DC77008A3DB8 /* Biobeat Watch App */;
			targetProxy = 5BDDA9232DA4DC78008A3DB8 /* PBXContainerItemProxy */;
		};
		5BDDA92E2DA4DC78008A3DB8 /* PBXTargetDependency */ = {
			isa = PBXTargetDependency;
			target = 5BDDA90F2DA4DC77008A3DB8 /* Biobeat Watch App */;
			targetProxy = 5BDDA92D2DA4DC78008A3DB8 /* PBXContainerItemProxy */;
		};
/* End PBXTargetDependency section */

/* Begin XCBuildConfiguration section */
		5BDDA9342DA4DC78008A3DB8 /* Debug */ = {
			isa = XCBuildConfiguration;
			buildSettings = {
				ALWAYS_SEARCH_USER_PATHS = NO;
				ASSETCATALOG_COMPILER_GENERATE_SWIFT_ASSET_SYMBOL_EXTENSIONS = YES;
				CLANG_ANALYZER_NONNULL = YES;
				CLANG_ANALYZER_NUMBER_OBJECT_CONVERSION = YES_AGGRESSIVE;
				CLANG_CXX_LANGUAGE_STANDARD = "gnu++20";
				CLANG_ENABLE_MODULES = YES;
				CLANG_ENABLE_OBJC_ARC = YES;
				CLANG_ENABLE_OBJC_WEAK = YES;
				CLANG_WARN_BLOCK_CAPTURE_AUTORELEASING = YES;
				CLANG_WARN_BOOL_CONVERSION = YES;
				CLANG_WARN_COMMA = YES;
				CLANG_WARN_CONSTANT_CONVERSION = YES;
				CLANG_WARN_DEPRECATED_OBJC_IMPLEMENTATIONS = YES;
				CLANG_WARN_DIRECT_OBJC_ISA_USAGE = YES_ERROR;
				CLANG_WARN_DOCUMENTATION_COMMENTS = YES;
				CLANG_WARN_EMPTY_BODY = YES;
				CLANG_WARN_ENUM_CONVERSION = YES;
				CLANG_WARN_INFINITE_RECURSION = YES;
				CLANG_WARN_INT_CONVERSION = YES;
				CLANG_WARN_NON_LITERAL_NULL_CONVERSION = YES;
				CLANG_WARN_OBJC_IMPLICIT_RETAIN_SELF = YES;
				CLANG_WARN_OBJC_LITERAL_CONVERSION = YES;
				CLANG_WARN_OBJC_ROOT_CLASS = YES_ERROR;
				CLANG_WARN_QUOTED_INCLUDE_IN_FRAMEWORK_HEADER = YES;
				CLANG_WARN_RANGE_LOOP_ANALYSIS = YES;
				CLANG_WARN_STRICT_PROTOTYPES = YES;
				CLANG_WARN_SUSPICIOUS_MOVE = YES;
				CLANG_WARN_UNGUARDED_AVAILABILITY = YES_AGGRESSIVE;
				CLANG_WARN_UNREACHABLE_CODE = YES;
				CLANG_WARN__DUPLICATE_METHOD_MATCH = YES;
				COPY_PHASE_STRIP = NO;
				DEBUG_INFORMATION_FORMAT = dwarf;
				ENABLE_STRICT_OBJC_MSGSEND = YES;
				ENABLE_TESTABILITY = YES;
				ENABLE_USER_SCRIPT_SANDBOXING = YES;
				GCC_C_LANGUAGE_STANDARD = gnu17;
				GCC_DYNAMIC_NO_PIC = NO;
				GCC_NO_COMMON_BLOCKS = YES;
				GCC_OPTIMIZATION_LEVEL = 0;
				GCC_PREPROCESSOR_DEFINITIONS = (
					"DEBUG=1",
					"$(inherited)",
				);
				GCC_WARN_64_TO_32_BIT_CONVERSION = YES;
				GCC_WARN_ABOUT_RETURN_TYPE = YES_ERROR;
				GCC_WARN_UNDECLARED_SELECTOR = YES;
				GCC_WARN_UNINITIALIZED_AUTOS = YES_AGGRESSIVE;
				GCC_WARN_UNUSED_FUNCTION = YES;
				GCC_WARN_UNUSED_VARIABLE = YES;
				LOCALIZATION_PREFERS_STRING_CATALOGS = YES;
				MTL_ENABLE_DEBUG_INFO = INCLUDE_SOURCE;
				MTL_FAST_MATH = YES;
				ONLY_ACTIVE_ARCH = YES;
				SWIFT_ACTIVE_COMPILATION_CONDITIONS = "DEBUG $(inherited)";
				SWIFT_OPTIMIZATION_LEVEL = "-Onone";
			};
			name = Debug;
		};
		5BDDA9352DA4DC78008A3DB8 /* Release */ = {
			isa = XCBuildConfiguration;
			buildSettings = {
				ALWAYS_SEARCH_USER_PATHS = NO;
				ASSETCATALOG_COMPILER_GENERATE_SWIFT_ASSET_SYMBOL_EXTENSIONS = YES;
				CLANG_ANALYZER_NONNULL = YES;
				CLANG_ANALYZER_NUMBER_OBJECT_CONVERSION = YES_AGGRESSIVE;
				CLANG_CXX_LANGUAGE_STANDARD = "gnu++20";
				CLANG_ENABLE_MODULES = YES;
				CLANG_ENABLE_OBJC_ARC = YES;
				CLANG_ENABLE_OBJC_WEAK = YES;
				CLANG_WARN_BLOCK_CAPTURE_AUTORELEASING = YES;
				CLANG_WARN_BOOL_CONVERSION = YES;
				CLANG_WARN_COMMA = YES;
				CLANG_WARN_CONSTANT_CONVERSION = YES;
				CLANG_WARN_DEPRECATED_OBJC_IMPLEMENTATIONS = YES;
				CLANG_WARN_DIRECT_OBJC_ISA_USAGE = YES_ERROR;
				CLANG_WARN_DOCUMENTATION_COMMENTS = YES;
				CLANG_WARN_EMPTY_BODY = YES;
				CLANG_WARN_ENUM_CONVERSION = YES;
				CLANG_WARN_INFINITE_RECURSION = YES;
				CLANG_WARN_INT_CONVERSION = YES;
				CLANG_WARN_NON_LITERAL_NULL_CONVERSION = YES;
				CLANG_WARN_OBJC_IMPLICIT_RETAIN_SELF = YES;
				CLANG_WARN_OBJC_LITERAL_CONVERSION = YES;
				CLANG_WARN_OBJC_ROOT_CLASS = YES_ERROR;
				CLANG_WARN_QUOTED_INCLUDE_IN_FRAMEWORK_HEADER = YES;
				CLANG_WARN_RANGE_LOOP_ANALYSIS = YES;
				CLANG_WARN_STRICT_PROTOTYPES = YES;
				CLANG_WARN_SUSPICIOUS_MOVE = YES;
				CLANG_WARN_UNGUARDED_AVAILABILITY = YES_AGGRESSIVE;
				CLANG_WARN_UNREACHABLE_CODE = YES;
				CLANG_WARN__DUPLICATE_METHOD_MATCH = YES;
				COPY_PHASE_STRIP = NO;
				DEBUG_INFORMATION_FORMAT = "dwarf-with-dsym";
				ENABLE_NS_ASSERTIONS = NO;
				ENABLE_STRICT_OBJC_MSGSEND = YES;
				ENABLE_USER_SCRIPT_SANDBOXING = YES;
				GCC_C_LANGUAGE_STANDARD = gnu17;
				GCC_NO_COMMON_BLOCKS = YES;
				GCC_WARN_64_TO_32_BIT_CONVERSION = YES;
				GCC_WARN_ABOUT_RETURN_TYPE = YES_ERROR;
				GCC_WARN_UNDECLARED_SELECTOR = YES;
				GCC_WARN_UNINITIALIZED_AUTOS = YES_AGGRESSIVE;
				GCC_WARN_UNUSED_FUNCTION = YES;
				GCC_WARN_UNUSED_VARIABLE = YES;
				LOCALIZATION_PREFERS_STRING_CATALOGS = YES;
				MTL_ENABLE_DEBUG_INFO = NO;
				MTL_FAST_MATH = YES;
				SWIFT_COMPILATION_MODE = wholemodule;
			};
			name = Release;
		};
		5BDDA9372DA4DC78008A3DB8 /* Debug */ = {
			isa = XCBuildConfiguration;
			buildSettings = {
				ASSETCATALOG_COMPILER_APPICON_NAME = AppIcon;
				ASSETCATALOG_COMPILER_GLOBAL_ACCENT_COLOR_NAME = AccentColor;
				CODE_SIGN_ENTITLEMENTS = "Biobeat Watch App/Biobeat Watch App.entitlements";
				CODE_SIGN_STYLE = Automatic;
				CURRENT_PROJECT_VERSION = 1;
				DEVELOPMENT_ASSET_PATHS = "\"Biobeat Watch App/Preview Content\"";
				DEVELOPMENT_TEAM = PCLB3K8C8V;
				ENABLE_PREVIEWS = YES;
				GENERATE_INFOPLIST_FILE = YES;
				INFOPLIST_FILE = "Biobeat-Watch-App-Info.plist";
				INFOPLIST_KEY_CFBundleDisplayName = Biobeat;
				INFOPLIST_KEY_NSHealthShareUsageDescription = "This app uses HealthKit to read your heart rate data to analyze dancing intensity.";
				INFOPLIST_KEY_NSHealthUpdateUsageDescription = "This app writes HealthKit data to track your physiological responses to music.";
				INFOPLIST_KEY_UISupportedInterfaceOrientations = "UIInterfaceOrientationPortrait UIInterfaceOrientationPortraitUpsideDown";
				INFOPLIST_KEY_WKWatchOnly = YES;
				LD_RUNPATH_SEARCH_PATHS = (
					"$(inherited)",
					"@executable_path/Frameworks",
				);
				MARKETING_VERSION = 1.0;
				PRODUCT_BUNDLE_IDENTIFIER = hci.Biobeat.watchkitapp;
				PRODUCT_NAME = "$(TARGET_NAME)";
				SDKROOT = watchos;
				SKIP_INSTALL = YES;
				SWIFT_EMIT_LOC_STRINGS = YES;
				SWIFT_VERSION = 5.0;
				TARGETED_DEVICE_FAMILY = 4;
				WATCHOS_DEPLOYMENT_TARGET = 10.6;
			};
			name = Debug;
		};
		5BDDA9382DA4DC78008A3DB8 /* Release */ = {
			isa = XCBuildConfiguration;
			buildSettings = {
				ASSETCATALOG_COMPILER_APPICON_NAME = AppIcon;
				ASSETCATALOG_COMPILER_GLOBAL_ACCENT_COLOR_NAME = AccentColor;
				CODE_SIGN_ENTITLEMENTS = "Biobeat Watch App/Biobeat Watch App.entitlements";
				CODE_SIGN_STYLE = Automatic;
				CURRENT_PROJECT_VERSION = 1;
				DEVELOPMENT_ASSET_PATHS = "\"Biobeat Watch App/Preview Content\"";
				DEVELOPMENT_TEAM = PCLB3K8C8V;
				ENABLE_PREVIEWS = YES;
				GENERATE_INFOPLIST_FILE = YES;
				INFOPLIST_FILE = "Biobeat-Watch-App-Info.plist";
				INFOPLIST_KEY_CFBundleDisplayName = Biobeat;
				INFOPLIST_KEY_NSHealthShareUsageDescription = "This app uses HealthKit to read your heart rate data to analyze dancing intensity.";
				INFOPLIST_KEY_NSHealthUpdateUsageDescription = "This app writes HealthKit data to track your physiological responses to music.";
				INFOPLIST_KEY_UISupportedInterfaceOrientations = "UIInterfaceOrientationPortrait UIInterfaceOrientationPortraitUpsideDown";
				INFOPLIST_KEY_WKWatchOnly = YES;
				LD_RUNPATH_SEARCH_PATHS = (
					"$(inherited)",
					"@executable_path/Frameworks",
				);
				MARKETING_VERSION = 1.0;
				PRODUCT_BUNDLE_IDENTIFIER = hci.Biobeat.watchkitapp;
				PRODUCT_NAME = "$(TARGET_NAME)";
				SDKROOT = watchos;
				SKIP_INSTALL = YES;
				SWIFT_EMIT_LOC_STRINGS = YES;
				SWIFT_VERSION = 5.0;
				TARGETED_DEVICE_FAMILY = 4;
				VALIDATE_PRODUCT = YES;
				WATCHOS_DEPLOYMENT_TARGET = 10.6;
			};
			name = Release;
		};
		5BDDA93B2DA4DC78008A3DB8 /* Debug */ = {
			isa = XCBuildConfiguration;
			buildSettings = {
				ALWAYS_EMBED_SWIFT_STANDARD_LIBRARIES = YES;
				CODE_SIGN_IDENTITY = "Apple Development";
				CODE_SIGN_STYLE = Automatic;
				CURRENT_PROJECT_VERSION = 1;
				DEVELOPMENT_TEAM = PCLB3K8C8V;
				INFOPLIST_KEY_CFBundleDisplayName = Biobeat;
				MARKETING_VERSION = 1.0;
				PRODUCT_BUNDLE_IDENTIFIER = biobeat;
				PRODUCT_NAME = "$(TARGET_NAME)";
				PROVISIONING_PROFILE_SPECIFIER = "";
				SDKROOT = iphoneos;
				SUPPORTED_PLATFORMS = "iphoneos iphonesimulator";
				SUPPORTS_MACCATALYST = NO;
				SWIFT_VERSION = 5.0;
				TARGETED_DEVICE_FAMILY = 1;
				WATCHOS_DEPLOYMENT_TARGET = 10.6;
			};
			name = Debug;
		};
		5BDDA93C2DA4DC78008A3DB8 /* Release */ = {
			isa = XCBuildConfiguration;
			buildSettings = {
				ALWAYS_EMBED_SWIFT_STANDARD_LIBRARIES = YES;
				CODE_SIGN_IDENTITY = "Apple Development";
				CODE_SIGN_STYLE = Automatic;
				CURRENT_PROJECT_VERSION = 1;
				DEVELOPMENT_TEAM = PCLB3K8C8V;
				INFOPLIST_KEY_CFBundleDisplayName = Biobeat;
				MARKETING_VERSION = 1.0;
				PRODUCT_BUNDLE_IDENTIFIER = biobeat;
				PRODUCT_NAME = "$(TARGET_NAME)";
				PROVISIONING_PROFILE_SPECIFIER = "";
				SDKROOT = iphoneos;
				SUPPORTED_PLATFORMS = "iphoneos iphonesimulator";
				SUPPORTS_MACCATALYST = NO;
				SWIFT_VERSION = 5.0;
				TARGETED_DEVICE_FAMILY = 1;
				VALIDATE_PRODUCT = YES;
				WATCHOS_DEPLOYMENT_TARGET = 10.6;
			};
			name = Release;
		};
		5BDDA93E2DA4DC78008A3DB8 /* Debug */ = {
			isa = XCBuildConfiguration;
			buildSettings = {
				ALWAYS_EMBED_SWIFT_STANDARD_LIBRARIES = YES;
				BUNDLE_LOADER = "$(TEST_HOST)";
				CODE_SIGN_STYLE = Automatic;
				CURRENT_PROJECT_VERSION = 1;
				GENERATE_INFOPLIST_FILE = YES;
				MARKETING_VERSION = 1.0;
				PRODUCT_BUNDLE_IDENTIFIER = "hci.Biobeat-Watch-AppTests";
				PRODUCT_NAME = "$(TARGET_NAME)";
				SDKROOT = watchos;
				SWIFT_EMIT_LOC_STRINGS = NO;
				SWIFT_VERSION = 5.0;
				TARGETED_DEVICE_FAMILY = 4;
				TEST_HOST = "$(BUILT_PRODUCTS_DIR)/Biobeat Watch App.app/$(BUNDLE_EXECUTABLE_FOLDER_PATH)/Biobeat Watch App";
				WATCHOS_DEPLOYMENT_TARGET = 7.0;
			};
			name = Debug;
		};
		5BDDA93F2DA4DC78008A3DB8 /* Release */ = {
			isa = XCBuildConfiguration;
			buildSettings = {
				ALWAYS_EMBED_SWIFT_STANDARD_LIBRARIES = YES;
				BUNDLE_LOADER = "$(TEST_HOST)";
				CODE_SIGN_STYLE = Automatic;
				CURRENT_PROJECT_VERSION = 1;
				GENERATE_INFOPLIST_FILE = YES;
				MARKETING_VERSION = 1.0;
				PRODUCT_BUNDLE_IDENTIFIER = "hci.Biobeat-Watch-AppTests";
				PRODUCT_NAME = "$(TARGET_NAME)";
				SDKROOT = watchos;
				SWIFT_EMIT_LOC_STRINGS = NO;
				SWIFT_VERSION = 5.0;
				TARGETED_DEVICE_FAMILY = 4;
				TEST_HOST = "$(BUILT_PRODUCTS_DIR)/Biobeat Watch App.app/$(BUNDLE_EXECUTABLE_FOLDER_PATH)/Biobeat Watch App";
				VALIDATE_PRODUCT = YES;
				WATCHOS_DEPLOYMENT_TARGET = 7.0;
			};
			name = Release;
		};
		5BDDA9412DA4DC78008A3DB8 /* Debug */ = {
			isa = XCBuildConfiguration;
			buildSettings = {
				ALWAYS_EMBED_SWIFT_STANDARD_LIBRARIES = YES;
				CODE_SIGN_STYLE = Automatic;
				CURRENT_PROJECT_VERSION = 1;
				GENERATE_INFOPLIST_FILE = YES;
				MARKETING_VERSION = 1.0;
				PRODUCT_BUNDLE_IDENTIFIER = "hci.Biobeat-Watch-AppUITests";
				PRODUCT_NAME = "$(TARGET_NAME)";
				SDKROOT = watchos;
				SWIFT_EMIT_LOC_STRINGS = NO;
				SWIFT_VERSION = 5.0;
				TARGETED_DEVICE_FAMILY = 4;
				TEST_TARGET_NAME = "Biobeat Watch App";
				WATCHOS_DEPLOYMENT_TARGET = 10.5;
			};
			name = Debug;
		};
		5BDDA9422DA4DC78008A3DB8 /* Release */ = {
			isa = XCBuildConfiguration;
			buildSettings = {
				ALWAYS_EMBED_SWIFT_STANDARD_LIBRARIES = YES;
				CODE_SIGN_STYLE = Automatic;
				CURRENT_PROJECT_VERSION = 1;
				GENERATE_INFOPLIST_FILE = YES;
				MARKETING_VERSION = 1.0;
				PRODUCT_BUNDLE_IDENTIFIER = "hci.Biobeat-Watch-AppUITests";
				PRODUCT_NAME = "$(TARGET_NAME)";
				SDKROOT = watchos;
				SWIFT_EMIT_LOC_STRINGS = NO;
				SWIFT_VERSION = 5.0;
				TARGETED_DEVICE_FAMILY = 4;
				TEST_TARGET_NAME = "Biobeat Watch App";
				VALIDATE_PRODUCT = YES;
				WATCHOS_DEPLOYMENT_TARGET = 10.5;
			};
			name = Release;
		};
/* End XCBuildConfiguration section */

/* Begin XCConfigurationList section */
		5BDDA9072DA4DC77008A3DB8 /* Build configuration list for PBXProject "Biobeat" */ = {
			isa = XCConfigurationList;
			buildConfigurations = (
				5BDDA9342DA4DC78008A3DB8 /* Debug */,
				5BDDA9352DA4DC78008A3DB8 /* Release */,
			);
			defaultConfigurationIsVisible = 0;
			defaultConfigurationName = Release;
		};
		5BDDA9362DA4DC78008A3DB8 /* Build configuration list for PBXNativeTarget "Biobeat Watch App" */ = {
			isa = XCConfigurationList;
			buildConfigurations = (
				5BDDA9372DA4DC78008A3DB8 /* Debug */,
				5BDDA9382DA4DC78008A3DB8 /* Release */,
			);
			defaultConfigurationIsVisible = 0;
			defaultConfigurationName = Release;
		};
		5BDDA93A2DA4DC78008A3DB8 /* Build configuration list for PBXNativeTarget "Biobeat" */ = {
			isa = XCConfigurationList;
			buildConfigurations = (
				5BDDA93B2DA4DC78008A3DB8 /* Debug */,
				5BDDA93C2DA4DC78008A3DB8 /* Release */,
			);
			defaultConfigurationIsVisible = 0;
			defaultConfigurationName = Release;
		};
		5BDDA93D2DA4DC78008A3DB8 /* Build configuration list for PBXNativeTarget "Biobeat Watch AppTests" */ = {
			isa = XCConfigurationList;
			buildConfigurations = (
				5BDDA93E2DA4DC78008A3DB8 /* Debug */,
				5BDDA93F2DA4DC78008A3DB8 /* Release */,
			);
			defaultConfigurationIsVisible = 0;
			defaultConfigurationName = Release;
		};
		5BDDA9402DA4DC78008A3DB8 /* Build configuration list for PBXNativeTarget "Biobeat Watch AppUITests" */ = {
			isa = XCConfigurationList;
			buildConfigurations = (
				5BDDA9412DA4DC78008A3DB8 /* Debug */,
				5BDDA9422DA4DC78008A3DB8 /* Release */,
			);
			defaultConfigurationIsVisible = 0;
			defaultConfigurationName = Release;
		};
/* End XCConfigurationList section */

/* Begin XCRemoteSwiftPackageReference section */
		5B461FE72DB3287200C467DF /* XCRemoteSwiftPackageReference "firebase-ios-sdk" */ = {
			isa = XCRemoteSwiftPackageReference;
			repositoryURL = "https://github.com/firebase/firebase-ios-sdk";
			requirement = {
				kind = upToNextMajorVersion;
				minimumVersion = 11.11.0;
			};
		};
/* End XCRemoteSwiftPackageReference section */

/* Begin XCSwiftPackageProductDependency section */
		5B461FE82DB3291B00C467DF /* FirebaseCore */ = {
			isa = XCSwiftPackageProductDependency;
			package = 5B461FE72DB3287200C467DF /* XCRemoteSwiftPackageReference "firebase-ios-sdk" */;
			productName = FirebaseCore;
		};
/* End XCSwiftPackageProductDependency section */
	};
	rootObject = 5BDDA9042DA4DC77008A3DB8 /* Project object */;
}
